// !$*UTF8*$!
{
	archiveVersion = 1;
	classes = {
	};
	objectVersion = 46;
	objects = {

/* Begin PBXBuildFile section */
		A4F625888AA8477DAAC7CBDD /* Pods_Mercury.framework in Frameworks */ = {isa = PBXBuildFile; fileRef = CAE8BBD7470C0D26EB10F4B5 /* Pods_Mercury.framework */; };
		DD0B293C1E35FC5900BC8958 /* RoomViewController.swift in Sources */ = {isa = PBXBuildFile; fileRef = DD0B293B1E35FC5900BC8958 /* RoomViewController.swift */; };
		DD0B29411E35FDE500BC8958 /* RoomTableViewCell.swift in Sources */ = {isa = PBXBuildFile; fileRef = DD0B293F1E35FDE500BC8958 /* RoomTableViewCell.swift */; };
		DD0B29421E35FDE500BC8958 /* RoomTableViewCell.xib in Resources */ = {isa = PBXBuildFile; fileRef = DD0B29401E35FDE500BC8958 /* RoomTableViewCell.xib */; };
		DD0B29451E36230600BC8958 /* DetailPlanViewController.swift in Sources */ = {isa = PBXBuildFile; fileRef = DD0B29441E36230600BC8958 /* DetailPlanViewController.swift */; };
		DD0B294A1E364B6900BC8958 /* Date+Extension.swift in Sources */ = {isa = PBXBuildFile; fileRef = DD0B29491E364B6900BC8958 /* Date+Extension.swift */; };
		DD0B295C1E3702A500BC8958 /* Images.xcassets in Resources */ = {isa = PBXBuildFile; fileRef = DD0B295B1E3702A500BC8958 /* Images.xcassets */; };
		DD0B43A71E34EA7D003787D7 /* LoginViewController.swift in Sources */ = {isa = PBXBuildFile; fileRef = DD0B43A61E34EA7D003787D7 /* LoginViewController.swift */; };
		DD0B43A91E34F3F5003787D7 /* GoogleService-Info.plist in Resources */ = {isa = PBXBuildFile; fileRef = DD0B43A81E34F3F5003787D7 /* GoogleService-Info.plist */; };
		DD0B43AE1E35C0F0003787D7 /* UIView+Extension.swift in Sources */ = {isa = PBXBuildFile; fileRef = DD0B43AD1E35C0F0003787D7 /* UIView+Extension.swift */; };
		DD0B43B21E35D0C6003787D7 /* Defaults.swift in Sources */ = {isa = PBXBuildFile; fileRef = DD0B43B11E35D0C6003787D7 /* Defaults.swift */; };
		DD259DCE1E3430FE001F03AC /* AppDelegate.swift in Sources */ = {isa = PBXBuildFile; fileRef = DD259DCD1E3430FE001F03AC /* AppDelegate.swift */; };
		DD259DD01E3430FE001F03AC /* HomeViewController.swift in Sources */ = {isa = PBXBuildFile; fileRef = DD259DCF1E3430FE001F03AC /* HomeViewController.swift */; };
		DD259DD31E3430FE001F03AC /* Main.storyboard in Resources */ = {isa = PBXBuildFile; fileRef = DD259DD11E3430FE001F03AC /* Main.storyboard */; };
		DD259DD51E3430FE001F03AC /* Assets.xcassets in Resources */ = {isa = PBXBuildFile; fileRef = DD259DD41E3430FE001F03AC /* Assets.xcassets */; };
		DD259DD81E3430FE001F03AC /* LaunchScreen.storyboard in Resources */ = {isa = PBXBuildFile; fileRef = DD259DD61E3430FE001F03AC /* LaunchScreen.storyboard */; };
		DD259DE21E343895001F03AC /* SideMenuViewController.swift in Sources */ = {isa = PBXBuildFile; fileRef = DD259DE11E343895001F03AC /* SideMenuViewController.swift */; };
		DD259DE61E343AA4001F03AC /* HomeCollectionViewCell.swift in Sources */ = {isa = PBXBuildFile; fileRef = DD259DE41E343AA4001F03AC /* HomeCollectionViewCell.swift */; };
		DD259DE71E343AA4001F03AC /* HomeCollectionViewCell.xib in Resources */ = {isa = PBXBuildFile; fileRef = DD259DE51E343AA4001F03AC /* HomeCollectionViewCell.xib */; };
		DD259DEE1E344888001F03AC /* Settings.swift in Sources */ = {isa = PBXBuildFile; fileRef = DD259DED1E344888001F03AC /* Settings.swift */; };
		DD259DF11E344B56001F03AC /* PlanInfo.swift in Sources */ = {isa = PBXBuildFile; fileRef = DD259DF01E344B56001F03AC /* PlanInfo.swift */; };
		DD259DF91E3454DE001F03AC /* Router.swift in Sources */ = {isa = PBXBuildFile; fileRef = DD259DF81E3454DE001F03AC /* Router.swift */; };
		DD259DFB1E3458FB001F03AC /* MercuryAPI.swift in Sources */ = {isa = PBXBuildFile; fileRef = DD259DFA1E3458FB001F03AC /* MercuryAPI.swift */; };
		DD259DFF1E348254001F03AC /* UIImage+Extension.swift in Sources */ = {isa = PBXBuildFile; fileRef = DD259DFE1E348254001F03AC /* UIImage+Extension.swift */; };
		DD259E031E34BEF3001F03AC /* CreatePlanViewController.swift in Sources */ = {isa = PBXBuildFile; fileRef = DD259E021E34BEF3001F03AC /* CreatePlanViewController.swift */; };
/* End PBXBuildFile section */

/* Begin PBXFileReference section */
		7DCC01DDE70AFE92EF6999B2 /* Pods-Mercury.debug.xcconfig */ = {isa = PBXFileReference; includeInIndex = 1; lastKnownFileType = text.xcconfig; name = "Pods-Mercury.debug.xcconfig"; path = "Pods/Target Support Files/Pods-Mercury/Pods-Mercury.debug.xcconfig"; sourceTree = "<group>"; };
		CAE8BBD7470C0D26EB10F4B5 /* Pods_Mercury.framework */ = {isa = PBXFileReference; explicitFileType = wrapper.framework; includeInIndex = 0; path = Pods_Mercury.framework; sourceTree = BUILT_PRODUCTS_DIR; };
		DD0B293B1E35FC5900BC8958 /* RoomViewController.swift */ = {isa = PBXFileReference; fileEncoding = 4; lastKnownFileType = sourcecode.swift; path = RoomViewController.swift; sourceTree = "<group>"; };
		DD0B293F1E35FDE500BC8958 /* RoomTableViewCell.swift */ = {isa = PBXFileReference; fileEncoding = 4; lastKnownFileType = sourcecode.swift; path = RoomTableViewCell.swift; sourceTree = "<group>"; };
		DD0B29401E35FDE500BC8958 /* RoomTableViewCell.xib */ = {isa = PBXFileReference; fileEncoding = 4; lastKnownFileType = file.xib; path = RoomTableViewCell.xib; sourceTree = "<group>"; };
		DD0B29441E36230600BC8958 /* DetailPlanViewController.swift */ = {isa = PBXFileReference; fileEncoding = 4; lastKnownFileType = sourcecode.swift; path = DetailPlanViewController.swift; sourceTree = "<group>"; };
		DD0B29491E364B6900BC8958 /* Date+Extension.swift */ = {isa = PBXFileReference; fileEncoding = 4; lastKnownFileType = sourcecode.swift; path = "Date+Extension.swift"; sourceTree = "<group>"; };
		DD0B295B1E3702A500BC8958 /* Images.xcassets */ = {isa = PBXFileReference; lastKnownFileType = folder.assetcatalog; path = Images.xcassets; sourceTree = "<group>"; };
		DD0B43A61E34EA7D003787D7 /* LoginViewController.swift */ = {isa = PBXFileReference; fileEncoding = 4; lastKnownFileType = sourcecode.swift; path = LoginViewController.swift; sourceTree = "<group>"; };
		DD0B43A81E34F3F5003787D7 /* GoogleService-Info.plist */ = {isa = PBXFileReference; fileEncoding = 4; lastKnownFileType = text.plist.xml; path = "GoogleService-Info.plist"; sourceTree = "<group>"; };
		DD0B43AD1E35C0F0003787D7 /* UIView+Extension.swift */ = {isa = PBXFileReference; fileEncoding = 4; lastKnownFileType = sourcecode.swift; path = "UIView+Extension.swift"; sourceTree = "<group>"; };
		DD0B43B11E35D0C6003787D7 /* Defaults.swift */ = {isa = PBXFileReference; fileEncoding = 4; lastKnownFileType = sourcecode.swift; path = Defaults.swift; sourceTree = "<group>"; };
		DD259DCA1E3430FE001F03AC /* Mercury.app */ = {isa = PBXFileReference; explicitFileType = wrapper.application; includeInIndex = 0; path = Mercury.app; sourceTree = BUILT_PRODUCTS_DIR; };
		DD259DCD1E3430FE001F03AC /* AppDelegate.swift */ = {isa = PBXFileReference; lastKnownFileType = sourcecode.swift; path = AppDelegate.swift; sourceTree = "<group>"; };
		DD259DCF1E3430FE001F03AC /* HomeViewController.swift */ = {isa = PBXFileReference; lastKnownFileType = sourcecode.swift; path = HomeViewController.swift; sourceTree = "<group>"; };
		DD259DD21E3430FE001F03AC /* Base */ = {isa = PBXFileReference; lastKnownFileType = file.storyboard; name = Base; path = Base.lproj/Main.storyboard; sourceTree = "<group>"; };
		DD259DD41E3430FE001F03AC /* Assets.xcassets */ = {isa = PBXFileReference; lastKnownFileType = folder.assetcatalog; path = Assets.xcassets; sourceTree = "<group>"; };
		DD259DD71E3430FE001F03AC /* Base */ = {isa = PBXFileReference; lastKnownFileType = file.storyboard; name = Base; path = Base.lproj/LaunchScreen.storyboard; sourceTree = "<group>"; };
		DD259DD91E3430FE001F03AC /* Info.plist */ = {isa = PBXFileReference; lastKnownFileType = text.plist.xml; path = Info.plist; sourceTree = "<group>"; };
		DD259DE11E343895001F03AC /* SideMenuViewController.swift */ = {isa = PBXFileReference; fileEncoding = 4; lastKnownFileType = sourcecode.swift; path = SideMenuViewController.swift; sourceTree = "<group>"; };
		DD259DE41E343AA4001F03AC /* HomeCollectionViewCell.swift */ = {isa = PBXFileReference; fileEncoding = 4; lastKnownFileType = sourcecode.swift; path = HomeCollectionViewCell.swift; sourceTree = "<group>"; };
		DD259DE51E343AA4001F03AC /* HomeCollectionViewCell.xib */ = {isa = PBXFileReference; fileEncoding = 4; lastKnownFileType = file.xib; path = HomeCollectionViewCell.xib; sourceTree = "<group>"; };
		DD259DED1E344888001F03AC /* Settings.swift */ = {isa = PBXFileReference; fileEncoding = 4; lastKnownFileType = sourcecode.swift; path = Settings.swift; sourceTree = "<group>"; };
		DD259DF01E344B56001F03AC /* PlanInfo.swift */ = {isa = PBXFileReference; fileEncoding = 4; lastKnownFileType = sourcecode.swift; path = PlanInfo.swift; sourceTree = "<group>"; };
		DD259DF81E3454DE001F03AC /* Router.swift */ = {isa = PBXFileReference; fileEncoding = 4; lastKnownFileType = sourcecode.swift; path = Router.swift; sourceTree = "<group>"; };
		DD259DFA1E3458FB001F03AC /* MercuryAPI.swift */ = {isa = PBXFileReference; fileEncoding = 4; lastKnownFileType = sourcecode.swift; path = MercuryAPI.swift; sourceTree = "<group>"; };
		DD259DFE1E348254001F03AC /* UIImage+Extension.swift */ = {isa = PBXFileReference; fileEncoding = 4; lastKnownFileType = sourcecode.swift; path = "UIImage+Extension.swift"; sourceTree = "<group>"; };
		DD259E021E34BEF3001F03AC /* CreatePlanViewController.swift */ = {isa = PBXFileReference; fileEncoding = 4; lastKnownFileType = sourcecode.swift; path = CreatePlanViewController.swift; sourceTree = "<group>"; };
		E79BFCF3E772DC048BA353A8 /* Pods-Mercury.release.xcconfig */ = {isa = PBXFileReference; includeInIndex = 1; lastKnownFileType = text.xcconfig; name = "Pods-Mercury.release.xcconfig"; path = "Pods/Target Support Files/Pods-Mercury/Pods-Mercury.release.xcconfig"; sourceTree = "<group>"; };
/* End PBXFileReference section */

/* Begin PBXFrameworksBuildPhase section */
		DD259DC71E3430FE001F03AC /* Frameworks */ = {
			isa = PBXFrameworksBuildPhase;
			buildActionMask = 2147483647;
			files = (
				A4F625888AA8477DAAC7CBDD /* Pods_Mercury.framework in Frameworks */,
			);
			runOnlyForDeploymentPostprocessing = 0;
		};
/* End PBXFrameworksBuildPhase section */

/* Begin PBXGroup section */
		B7713BE639852BCBB4586356 /* Pods */ = {
			isa = PBXGroup;
			children = (
				7DCC01DDE70AFE92EF6999B2 /* Pods-Mercury.debug.xcconfig */,
				E79BFCF3E772DC048BA353A8 /* Pods-Mercury.release.xcconfig */,
			);
			name = Pods;
			sourceTree = "<group>";
		};
		C4D8FF7C35801C859EF86A6F /* Frameworks */ = {
			isa = PBXGroup;
			children = (
				CAE8BBD7470C0D26EB10F4B5 /* Pods_Mercury.framework */,
			);
			name = Frameworks;
			sourceTree = "<group>";
		};
		DD259DC11E3430FE001F03AC = {
			isa = PBXGroup;
			children = (
				DD259DCC1E3430FE001F03AC /* Mercury */,
				DD259DF71E3454C1001F03AC /* Config */,
				DD259DCB1E3430FE001F03AC /* Products */,
				B7713BE639852BCBB4586356 /* Pods */,
				C4D8FF7C35801C859EF86A6F /* Frameworks */,
			);
			sourceTree = "<group>";
		};
		DD259DCB1E3430FE001F03AC /* Products */ = {
			isa = PBXGroup;
			children = (
				DD259DCA1E3430FE001F03AC /* Mercury.app */,
			);
			name = Products;
			sourceTree = "<group>";
		};
		DD259DCC1E3430FE001F03AC /* Mercury */ = {
			isa = PBXGroup;
			children = (
				DD259DCD1E3430FE001F03AC /* AppDelegate.swift */,
				DD259DF41E344D3D001F03AC /* Extensions */,
				DD259DEB1E34486B001F03AC /* Helper */,
				DD259DE91E344287001F03AC /* Models */,
				DD259DE01E34387D001F03AC /* Controllers */,
				DD259DE31E343920001F03AC /* Views */,
				DD259DD11E3430FE001F03AC /* Main.storyboard */,
				DD259DD41E3430FE001F03AC /* Assets.xcassets */,
				DD0B295B1E3702A500BC8958 /* Images.xcassets */,
				DD259DD61E3430FE001F03AC /* LaunchScreen.storyboard */,
				DD0B43A81E34F3F5003787D7 /* GoogleService-Info.plist */,
				DD259DD91E3430FE001F03AC /* Info.plist */,
			);
			path = Mercury;
			sourceTree = "<group>";
		};
		DD259DE01E34387D001F03AC /* Controllers */ = {
			isa = PBXGroup;
			children = (
				DD259DE11E343895001F03AC /* SideMenuViewController.swift */,
				DD0B29441E36230600BC8958 /* DetailPlanViewController.swift */,
				DD0B293B1E35FC5900BC8958 /* RoomViewController.swift */,
				DD0B43A61E34EA7D003787D7 /* LoginViewController.swift */,
				DD259DCF1E3430FE001F03AC /* HomeViewController.swift */,
				DD259E021E34BEF3001F03AC /* CreatePlanViewController.swift */,
			);
			name = Controllers;
			sourceTree = "<group>";
		};
		DD259DE31E343920001F03AC /* Views */ = {
			isa = PBXGroup;
			children = (
				DD259DE41E343AA4001F03AC /* HomeCollectionViewCell.swift */,
				DD259DE51E343AA4001F03AC /* HomeCollectionViewCell.xib */,
				DD0B293F1E35FDE500BC8958 /* RoomTableViewCell.swift */,
				DD0B29401E35FDE500BC8958 /* RoomTableViewCell.xib */,
			);
			name = Views;
			sourceTree = "<group>";
		};
		DD259DE91E344287001F03AC /* Models */ = {
			isa = PBXGroup;
			children = (
				DD259DF01E344B56001F03AC /* PlanInfo.swift */,
				DD259DFA1E3458FB001F03AC /* MercuryAPI.swift */,
			);
			name = Models;
			sourceTree = "<group>";
		};
		DD259DEB1E34486B001F03AC /* Helper */ = {
			isa = PBXGroup;
			children = (
			);
			name = Helper;
			sourceTree = "<group>";
		};
		DD259DF41E344D3D001F03AC /* Extensions */ = {
			isa = PBXGroup;
			children = (
				DD259DFE1E348254001F03AC /* UIImage+Extension.swift */,
				DD0B43AD1E35C0F0003787D7 /* UIView+Extension.swift */,
				DD0B29491E364B6900BC8958 /* Date+Extension.swift */,
			);
			name = Extensions;
			sourceTree = "<group>";
		};
		DD259DF71E3454C1001F03AC /* Config */ = {
			isa = PBXGroup;
			children = (
				DD259DED1E344888001F03AC /* Settings.swift */,
				DD0B43B11E35D0C6003787D7 /* Defaults.swift */,
				DD259DF81E3454DE001F03AC /* Router.swift */,
			);
			name = Config;
			path = Mercury;
			sourceTree = "<group>";
		};
/* End PBXGroup section */

/* Begin PBXNativeTarget section */
		DD259DC91E3430FE001F03AC /* Mercury */ = {
			isa = PBXNativeTarget;
			buildConfigurationList = DD259DDC1E3430FE001F03AC /* Build configuration list for PBXNativeTarget "Mercury" */;
			buildPhases = (
				52A81BE6DBF0AB8E73D9A469 /* [CP] Check Pods Manifest.lock */,
				DD259DC61E3430FE001F03AC /* Sources */,
				DD259DC71E3430FE001F03AC /* Frameworks */,
				DD259DC81E3430FE001F03AC /* Resources */,
				E8AB6F1CE13CA0849A99C381 /* [CP] Embed Pods Frameworks */,
				B30FAACCCFE19562CCB3AD0D /* [CP] Copy Pods Resources */,
			);
			buildRules = (
			);
			dependencies = (
			);
			name = Mercury;
			productName = Mercury;
			productReference = DD259DCA1E3430FE001F03AC /* Mercury.app */;
			productType = "com.apple.product-type.application";
		};
/* End PBXNativeTarget section */

/* Begin PBXProject section */
		DD259DC21E3430FE001F03AC /* Project object */ = {
			isa = PBXProject;
			attributes = {
				LastSwiftUpdateCheck = 0820;
				LastUpgradeCheck = 0820;
				ORGANIZATIONNAME = tocozakura;
				TargetAttributes = {
					DD259DC91E3430FE001F03AC = {
						CreatedOnToolsVersion = 8.2.1;
						DevelopmentTeam = K7HURQ6RSZ;
						ProvisioningStyle = Automatic;
					};
				};
			};
			buildConfigurationList = DD259DC51E3430FE001F03AC /* Build configuration list for PBXProject "Mercury" */;
			compatibilityVersion = "Xcode 3.2";
			developmentRegion = English;
			hasScannedForEncodings = 0;
			knownRegions = (
				en,
				Base,
			);
			mainGroup = DD259DC11E3430FE001F03AC;
			productRefGroup = DD259DCB1E3430FE001F03AC /* Products */;
			projectDirPath = "";
			projectRoot = "";
			targets = (
				DD259DC91E3430FE001F03AC /* Mercury */,
			);
		};
/* End PBXProject section */

/* Begin PBXResourcesBuildPhase section */
		DD259DC81E3430FE001F03AC /* Resources */ = {
			isa = PBXResourcesBuildPhase;
			buildActionMask = 2147483647;
			files = (
				DD0B295C1E3702A500BC8958 /* Images.xcassets in Resources */,
				DD0B29421E35FDE500BC8958 /* RoomTableViewCell.xib in Resources */,
				DD0B43A91E34F3F5003787D7 /* GoogleService-Info.plist in Resources */,
				DD259DD81E3430FE001F03AC /* LaunchScreen.storyboard in Resources */,
				DD259DD51E3430FE001F03AC /* Assets.xcassets in Resources */,
				DD259DD31E3430FE001F03AC /* Main.storyboard in Resources */,
				DD259DE71E343AA4001F03AC /* HomeCollectionViewCell.xib in Resources */,
			);
			runOnlyForDeploymentPostprocessing = 0;
		};
/* End PBXResourcesBuildPhase section */

/* Begin PBXShellScriptBuildPhase section */
		52A81BE6DBF0AB8E73D9A469 /* [CP] Check Pods Manifest.lock */ = {
			isa = PBXShellScriptBuildPhase;
			buildActionMask = 2147483647;
			files = (
			);
			inputPaths = (
			);
			name = "[CP] Check Pods Manifest.lock";
			outputPaths = (
			);
			runOnlyForDeploymentPostprocessing = 0;
			shellPath = /bin/sh;
			shellScript = "diff \"${PODS_ROOT}/../Podfile.lock\" \"${PODS_ROOT}/Manifest.lock\" > /dev/null\nif [ $? != 0 ] ; then\n    # print error to STDERR\n    echo \"error: The sandbox is not in sync with the Podfile.lock. Run 'pod install' or update your CocoaPods installation.\" >&2\n    exit 1\nfi\n";
			showEnvVarsInLog = 0;
		};
		B30FAACCCFE19562CCB3AD0D /* [CP] Copy Pods Resources */ = {
			isa = PBXShellScriptBuildPhase;
			buildActionMask = 2147483647;
			files = (
			);
			inputPaths = (
			);
			name = "[CP] Copy Pods Resources";
			outputPaths = (
			);
			runOnlyForDeploymentPostprocessing = 0;
			shellPath = /bin/sh;
			shellScript = "\"${SRCROOT}/Pods/Target Support Files/Pods-Mercury/Pods-Mercury-resources.sh\"\n";
			showEnvVarsInLog = 0;
		};
		E8AB6F1CE13CA0849A99C381 /* [CP] Embed Pods Frameworks */ = {
			isa = PBXShellScriptBuildPhase;
			buildActionMask = 2147483647;
			files = (
			);
			inputPaths = (
			);
			name = "[CP] Embed Pods Frameworks";
			outputPaths = (
			);
			runOnlyForDeploymentPostprocessing = 0;
			shellPath = /bin/sh;
			shellScript = "\"${SRCROOT}/Pods/Target Support Files/Pods-Mercury/Pods-Mercury-frameworks.sh\"\n";
			showEnvVarsInLog = 0;
		};
/* End PBXShellScriptBuildPhase section */

/* Begin PBXSourcesBuildPhase section */
		DD259DC61E3430FE001F03AC /* Sources */ = {
			isa = PBXSourcesBuildPhase;
			buildActionMask = 2147483647;
			files = (
				DD259DF11E344B56001F03AC /* PlanInfo.swift in Sources */,
				DD0B43B21E35D0C6003787D7 /* Defaults.swift in Sources */,
				DD259DD01E3430FE001F03AC /* HomeViewController.swift in Sources */,
				DD259DE21E343895001F03AC /* SideMenuViewController.swift in Sources */,
				DD259E031E34BEF3001F03AC /* CreatePlanViewController.swift in Sources */,
				DD259DFF1E348254001F03AC /* UIImage+Extension.swift in Sources */,
				DD0B29451E36230600BC8958 /* DetailPlanViewController.swift in Sources */,
				DD0B29411E35FDE500BC8958 /* RoomTableViewCell.swift in Sources */,
				DD259DF91E3454DE001F03AC /* Router.swift in Sources */,
				DD0B294A1E364B6900BC8958 /* Date+Extension.swift in Sources */,
				DD0B43AE1E35C0F0003787D7 /* UIView+Extension.swift in Sources */,
				DD259DFB1E3458FB001F03AC /* MercuryAPI.swift in Sources */,
				DD0B293C1E35FC5900BC8958 /* RoomViewController.swift in Sources */,
				DD259DCE1E3430FE001F03AC /* AppDelegate.swift in Sources */,
				DD259DE61E343AA4001F03AC /* HomeCollectionViewCell.swift in Sources */,
				DD259DEE1E344888001F03AC /* Settings.swift in Sources */,
				DD0B43A71E34EA7D003787D7 /* LoginViewController.swift in Sources */,
			);
			runOnlyForDeploymentPostprocessing = 0;
		};
/* End PBXSourcesBuildPhase section */

/* Begin PBXVariantGroup section */
		DD259DD11E3430FE001F03AC /* Main.storyboard */ = {
			isa = PBXVariantGroup;
			children = (
				DD259DD21E3430FE001F03AC /* Base */,
			);
			name = Main.storyboard;
			sourceTree = "<group>";
		};
		DD259DD61E3430FE001F03AC /* LaunchScreen.storyboard */ = {
			isa = PBXVariantGroup;
			children = (
				DD259DD71E3430FE001F03AC /* Base */,
			);
			name = LaunchScreen.storyboard;
			sourceTree = "<group>";
		};
/* End PBXVariantGroup section */

/* Begin XCBuildConfiguration section */
		DD259DDA1E3430FE001F03AC /* Debug */ = {
			isa = XCBuildConfiguration;
			buildSettings = {
				ALWAYS_SEARCH_USER_PATHS = NO;
				CLANG_ANALYZER_NONNULL = YES;
				CLANG_CXX_LANGUAGE_STANDARD = "gnu++0x";
				CLANG_CXX_LIBRARY = "libc++";
				CLANG_ENABLE_MODULES = YES;
				CLANG_ENABLE_OBJC_ARC = YES;
				CLANG_WARN_BOOL_CONVERSION = YES;
				CLANG_WARN_CONSTANT_CONVERSION = YES;
				CLANG_WARN_DIRECT_OBJC_ISA_USAGE = YES_ERROR;
				CLANG_WARN_DOCUMENTATION_COMMENTS = YES;
				CLANG_WARN_EMPTY_BODY = YES;
				CLANG_WARN_ENUM_CONVERSION = YES;
				CLANG_WARN_INFINITE_RECURSION = YES;
				CLANG_WARN_INT_CONVERSION = YES;
				CLANG_WARN_OBJC_ROOT_CLASS = YES_ERROR;
				CLANG_WARN_SUSPICIOUS_MOVE = YES;
				CLANG_WARN_UNREACHABLE_CODE = YES;
				CLANG_WARN__DUPLICATE_METHOD_MATCH = YES;
				"CODE_SIGN_IDENTITY[sdk=iphoneos*]" = "iPhone Developer";
				COPY_PHASE_STRIP = NO;
				DEBUG_INFORMATION_FORMAT = dwarf;
				ENABLE_STRICT_OBJC_MSGSEND = YES;
				ENABLE_TESTABILITY = YES;
				GCC_C_LANGUAGE_STANDARD = gnu99;
				GCC_DYNAMIC_NO_PIC = NO;
				GCC_NO_COMMON_BLOCKS = YES;
				GCC_OPTIMIZATION_LEVEL = 0;
				GCC_PREPROCESSOR_DEFINITIONS = (
					"DEBUG=1",
					"$(inherited)",
				);
				GCC_WARN_64_TO_32_BIT_CONVERSION = YES;
				GCC_WARN_ABOUT_RETURN_TYPE = YES_ERROR;
				GCC_WARN_UNDECLARED_SELECTOR = YES;
				GCC_WARN_UNINITIALIZED_AUTOS = YES_AGGRESSIVE;
				GCC_WARN_UNUSED_FUNCTION = YES;
				GCC_WARN_UNUSED_VARIABLE = YES;
				IPHONEOS_DEPLOYMENT_TARGET = 10.2;
				MTL_ENABLE_DEBUG_INFO = YES;
				ONLY_ACTIVE_ARCH = YES;
				SDKROOT = iphoneos;
				SWIFT_ACTIVE_COMPILATION_CONDITIONS = DEBUG;
				SWIFT_OPTIMIZATION_LEVEL = "-Onone";
				TARGETED_DEVICE_FAMILY = "1,2";
			};
			name = Debug;
		};
		DD259DDB1E3430FE001F03AC /* Release */ = {
			isa = XCBuildConfiguration;
			buildSettings = {
				ALWAYS_SEARCH_USER_PATHS = NO;
				CLANG_ANALYZER_NONNULL = YES;
				CLANG_CXX_LANGUAGE_STANDARD = "gnu++0x";
				CLANG_CXX_LIBRARY = "libc++";
				CLANG_ENABLE_MODULES = YES;
				CLANG_ENABLE_OBJC_ARC = YES;
				CLANG_WARN_BOOL_CONVERSION = YES;
				CLANG_WARN_CONSTANT_CONVERSION = YES;
				CLANG_WARN_DIRECT_OBJC_ISA_USAGE = YES_ERROR;
				CLANG_WARN_DOCUMENTATION_COMMENTS = YES;
				CLANG_WARN_EMPTY_BODY = YES;
				CLANG_WARN_ENUM_CONVERSION = YES;
				CLANG_WARN_INFINITE_RECURSION = YES;
				CLANG_WARN_INT_CONVERSION = YES;
				CLANG_WARN_OBJC_ROOT_CLASS = YES_ERROR;
				CLANG_WARN_SUSPICIOUS_MOVE = YES;
				CLANG_WARN_UNREACHABLE_CODE = YES;
				CLANG_WARN__DUPLICATE_METHOD_MATCH = YES;
				"CODE_SIGN_IDENTITY[sdk=iphoneos*]" = "iPhone Developer";
				COPY_PHASE_STRIP = NO;
				DEBUG_INFORMATION_FORMAT = "dwarf-with-dsym";
				ENABLE_NS_ASSERTIONS = NO;
				ENABLE_STRICT_OBJC_MSGSEND = YES;
				GCC_C_LANGUAGE_STANDARD = gnu99;
				GCC_NO_COMMON_BLOCKS = YES;
				GCC_WARN_64_TO_32_BIT_CONVERSION = YES;
				GCC_WARN_ABOUT_RETURN_TYPE = YES_ERROR;
				GCC_WARN_UNDECLARED_SELECTOR = YES;
				GCC_WARN_UNINITIALIZED_AUTOS = YES_AGGRESSIVE;
				GCC_WARN_UNUSED_FUNCTION = YES;
				GCC_WARN_UNUSED_VARIABLE = YES;
				IPHONEOS_DEPLOYMENT_TARGET = 10.2;
				MTL_ENABLE_DEBUG_INFO = NO;
				SDKROOT = iphoneos;
				SWIFT_OPTIMIZATION_LEVEL = "-Owholemodule";
				TARGETED_DEVICE_FAMILY = "1,2";
				VALIDATE_PRODUCT = YES;
			};
			name = Release;
		};
		DD259DDD1E3430FE001F03AC /* Debug */ = {
			isa = XCBuildConfiguration;
			baseConfigurationReference = 7DCC01DDE70AFE92EF6999B2 /* Pods-Mercury.debug.xcconfig */;
			buildSettings = {
				ASSETCATALOG_COMPILER_APPICON_NAME = AppIcon;
				DEVELOPMENT_TEAM = K7HURQ6RSZ;
				INFOPLIST_FILE = Mercury/Info.plist;
				LD_RUNPATH_SEARCH_PATHS = "$(inherited) @executable_path/Frameworks";
				PRODUCT_BUNDLE_IDENTIFIER = com.toco.Mercury;
				PRODUCT_NAME = "$(TARGET_NAME)";
				SWIFT_VERSION = 3.0;
			};
			name = Debug;
		};
		DD259DDE1E3430FE001F03AC /* Release */ = {
			isa = XCBuildConfiguration;
			baseConfigurationReference = E79BFCF3E772DC048BA353A8 /* Pods-Mercury.release.xcconfig */;
			buildSettings = {
				ASSETCATALOG_COMPILER_APPICON_NAME = AppIcon;
				DEVELOPMENT_TEAM = K7HURQ6RSZ;
				INFOPLIST_FILE = Mercury/Info.plist;
				LD_RUNPATH_SEARCH_PATHS = "$(inherited) @executable_path/Frameworks";
				PRODUCT_BUNDLE_IDENTIFIER = com.toco.Mercury;
				PRODUCT_NAME = "$(TARGET_NAME)";
				SWIFT_VERSION = 3.0;
			};
			name = Release;
		};
/* End XCBuildConfiguration section */

/* Begin XCConfigurationList section */
		DD259DC51E3430FE001F03AC /* Build configuration list for PBXProject "Mercury" */ = {
			isa = XCConfigurationList;
			buildConfigurations = (
				DD259DDA1E3430FE001F03AC /* Debug */,
				DD259DDB1E3430FE001F03AC /* Release */,
			);
			defaultConfigurationIsVisible = 0;
			defaultConfigurationName = Release;
		};
		DD259DDC1E3430FE001F03AC /* Build configuration list for PBXNativeTarget "Mercury" */ = {
			isa = XCConfigurationList;
			buildConfigurations = (
				DD259DDD1E3430FE001F03AC /* Debug */,
				DD259DDE1E3430FE001F03AC /* Release */,
			);
			defaultConfigurationIsVisible = 0;
			defaultConfigurationName = Release;
		};
/* End XCConfigurationList section */
	};
	rootObject = DD259DC21E3430FE001F03AC /* Project object */;
}
